
Microsoft Visual Studio Solution File, Format Version 12.00
# Visual Studio Version 17
VisualStudioVersion = 17.3.32929.385
MinimumVisualStudioVersion = 10.0.40219.1
Project("{FAE04EC0-301F-11D3-BF4B-00C04F79EFBC}") = "RouteApi", "RouteApi.csproj", "{88C0CCDD-1BC8-45D2-8742-720BECE2C6F0}"
EndProject
Project("{FAE04EC0-301F-11D3-BF4B-00C04F79EFBC}") = "Route.DAL", "..\Route.DAL\Route.DAL.csproj", "{440A694E-CFBD-4B35-9162-B40AD61453FD}"
EndProject
Project("{FAE04EC0-301F-11D3-BF4B-00C04F79EFBC}") = "Route.BLL", "..\Route.BLL\Route.BLL.csproj", "{1E4D0A10-4F28-4E08-9AF2-D6B3D084731B}"
EndProject
Global
	GlobalSection(SolutionConfigurationPlatforms) = preSolution
		Debug|Any CPU = Debug|Any CPU
		Release|Any CPU = Release|Any CPU
	EndGlobalSection
	GlobalSection(ProjectConfigurationPlatforms) = postSolution
		{88C0CCDD-1BC8-45D2-8742-720BECE2C6F0}.Debug|Any CPU.ActiveCfg = Debug|Any CPU
		{88C0CCDD-1BC8-45D2-8742-720BECE2C6F0}.Debug|Any CPU.Build.0 = Debug|Any CPU
		{88C0CCDD-1BC8-45D2-8742-720BECE2C6F0}.Release|Any CPU.ActiveCfg = Release|Any CPU
		{88C0CCDD-1BC8-45D2-8742-720BECE2C6F0}.Release|Any CPU.Build.0 = Release|Any CPU
		{440A694E-CFBD-4B35-9162-B40AD61453FD}.Debug|Any CPU.ActiveCfg = Debug|Any CPU
		{440A694E-CFBD-4B35-9162-B40AD61453FD}.Debug|Any CPU.Build.0 = Debug|Any CPU
		{440A694E-CFBD-4B35-9162-B40AD61453FD}.Release|Any CPU.ActiveCfg = Release|Any CPU
		{440A694E-CFBD-4B35-9162-B40AD61453FD}.Release|Any CPU.Build.0 = Release|Any CPU
		{1E4D0A10-4F28-4E08-9AF2-D6B3D084731B}.Debug|Any CPU.ActiveCfg = Debug|Any CPU
		{1E4D0A10-4F28-4E08-9AF2-D6B3D084731B}.Debug|Any CPU.Build.0 = Debug|Any CPU
		{1E4D0A10-4F28-4E08-9AF2-D6B3D084731B}.Release|Any CPU.ActiveCfg = Release|Any CPU
		{1E4D0A10-4F28-4E08-9AF2-D6B3D084731B}.Release|Any CPU.Build.0 = Release|Any CPU
	EndGlobalSection
	GlobalSection(SolutionProperties) = preSolution
		HideSolutionNode = FALSE
	EndGlobalSection
	GlobalSection(ExtensibilityGlobals) = postSolution
		SolutionGuid = {DD6675CD-3121-4F8B-8964-5CAD9C15927F}
	EndGlobalSection
EndGlobal
